
Microsoft Visual Studio Solution File, Format Version 12.00
# Visual Studio Version 17
VisualStudioVersion = 17.11.35312.102
MinimumVisualStudioVersion = 10.0.40219.1
Project("{FAE04EC0-301F-11D3-BF4B-00C04F79EFBC}") = "ConsoleApp1", "ConsoleApp1\ConsoleApp1.csproj", "{D8C9166E-FAE7-49DD-906A-06F8CD32B482}"
EndProject
Global
	GlobalSection(SolutionConfigurationPlatforms) = preSolution
		Debug|Any CPU = Debug|Any CPU
		Release|Any CPU = Release|Any CPU
	EndGlobalSection
	GlobalSection(ProjectConfigurationPlatforms) = postSolution
		{D8C9166E-FAE7-49DD-906A-06F8CD32B482}.Debug|Any CPU.ActiveCfg = Debug|Any CPU
		{D8C9166E-FAE7-49DD-906A-06F8CD32B482}.Debug|Any CPU.Build.0 = Debug|Any CPU
		{D8C9166E-FAE7-49DD-906A-06F8CD32B482}.Release|Any CPU.ActiveCfg = Release|Any CPU
		{D8C9166E-FAE7-49DD-906A-06F8CD32B482}.Release|Any CPU.Build.0 = Release|Any CPU
	EndGlobalSection
	GlobalSection(SolutionProperties) = preSolution
		HideSolutionNode = FALSE
	EndGlobalSection
	GlobalSection(ExtensibilityGlobals) = postSolution
		SolutionGuid = {6ED6E87D-94A9-4631-A6C2-BBBD513204CA}
	EndGlobalSection
EndGlobal
